
Microsoft Visual Studio Solution File, Format Version 12.00
# Visual Studio Version 16
VisualStudioVersion = 16.0.31702.278
MinimumVisualStudioVersion = 10.0.40219.1
Project("{FAE04EC0-301F-11D3-BF4B-00C04F79EFBC}") = "zadacha_4.1", "zadacha_4.1\zadacha_4.1.csproj", "{A6723772-71BF-49BB-ABD9-BD9DA525AA65}"
EndProject
Global
	GlobalSection(SolutionConfigurationPlatforms) = preSolution
		Debug|Any CPU = Debug|Any CPU
		Release|Any CPU = Release|Any CPU
	EndGlobalSection
	GlobalSection(ProjectConfigurationPlatforms) = postSolution
		{A6723772-71BF-49BB-ABD9-BD9DA525AA65}.Debug|Any CPU.ActiveCfg = Debug|Any CPU
		{A6723772-71BF-49BB-ABD9-BD9DA525AA65}.Debug|Any CPU.Build.0 = Debug|Any CPU
		{A6723772-71BF-49BB-ABD9-BD9DA525AA65}.Release|Any CPU.ActiveCfg = Release|Any CPU
		{A6723772-71BF-49BB-ABD9-BD9DA525AA65}.Release|Any CPU.Build.0 = Release|Any CPU
	EndGlobalSection
	GlobalSection(SolutionProperties) = preSolution
		HideSolutionNode = FALSE
	EndGlobalSection
	GlobalSection(ExtensibilityGlobals) = postSolution
		SolutionGuid = {65C1A419-A254-40EF-AA1D-B3CB5D6682EB}
	EndGlobalSection
EndGlobal
